{
  "name": "react-native-screens",
  "version": "3.0.0",
  "lockfileVersion": 3,
  "requires": true,
  "packages": {
    "": {
      "name": "react-native-screens",
      "version": "3.0.0",
      "dependencies": {
        "react-native-screens": "file:"
      }
    },
    "node_modules/react-native-screens": {
      "resolved": "",
      "link": true
    }
  }
}
